
Microsoft Visual Studio Solution File, Format Version 12.00
# Visual Studio Version 16
VisualStudioVersion = 16.0.31321.278
MinimumVisualStudioVersion = 10.0.40219.1
Project("{FAE04EC0-301F-11D3-BF4B-00C04F79EFBC}") = "LoginAndRegistrationWebAPI", "LoginAndRegistrationWebAPI\LoginAndRegistrationWebAPI.csproj", "{7ADB74C0-99E7-4D41-BA75-F62C21BB0A71}"
EndProject
Global
	GlobalSection(SolutionConfigurationPlatforms) = preSolution
		Debug|Any CPU = Debug|Any CPU
		Release|Any CPU = Release|Any CPU
	EndGlobalSection
	GlobalSection(ProjectConfigurationPlatforms) = postSolution
		{7ADB74C0-99E7-4D41-BA75-F62C21BB0A71}.Debug|Any CPU.ActiveCfg = Debug|Any CPU
		{7ADB74C0-99E7-4D41-BA75-F62C21BB0A71}.Debug|Any CPU.Build.0 = Debug|Any CPU
		{7ADB74C0-99E7-4D41-BA75-F62C21BB0A71}.Release|Any CPU.ActiveCfg = Release|Any CPU
		{7ADB74C0-99E7-4D41-BA75-F62C21BB0A71}.Release|Any CPU.Build.0 = Release|Any CPU
	EndGlobalSection
	GlobalSection(SolutionProperties) = preSolution
		HideSolutionNode = FALSE
	EndGlobalSection
	GlobalSection(ExtensibilityGlobals) = postSolution
		SolutionGuid = {EC5F8965-E5EC-4BBB-A00A-DAC7F12649A0}
	EndGlobalSection
EndGlobal
